
Microsoft Visual Studio Solution File, Format Version 12.00
# Visual Studio Version 17
VisualStudioVersion = 17.12.35707.178
MinimumVisualStudioVersion = 10.0.40219.1
Project("{FAE04EC0-301F-11D3-BF4B-00C04F79EFBC}") = "Task1C#", "Task1C#\Task1C#.csproj", "{2976E992-9633-4F86-BEA1-E7681399950D}"
EndProject
Project("{FAE04EC0-301F-11D3-BF4B-00C04F79EFBC}") = "Task2", "Task2\Task2.csproj", "{A29D01BD-7BFF-4E96-BA84-40E16F471BED}"
EndProject
Global
	GlobalSection(SolutionConfigurationPlatforms) = preSolution
		Debug|Any CPU = Debug|Any CPU
		Release|Any CPU = Release|Any CPU
	EndGlobalSection
	GlobalSection(ProjectConfigurationPlatforms) = postSolution
		{2976E992-9633-4F86-BEA1-E7681399950D}.Debug|Any CPU.ActiveCfg = Debug|Any CPU
		{2976E992-9633-4F86-BEA1-E7681399950D}.Debug|Any CPU.Build.0 = Debug|Any CPU
		{2976E992-9633-4F86-BEA1-E7681399950D}.Release|Any CPU.ActiveCfg = Release|Any CPU
		{2976E992-9633-4F86-BEA1-E7681399950D}.Release|Any CPU.Build.0 = Release|Any CPU
		{A29D01BD-7BFF-4E96-BA84-40E16F471BED}.Debug|Any CPU.ActiveCfg = Debug|Any CPU
		{A29D01BD-7BFF-4E96-BA84-40E16F471BED}.Debug|Any CPU.Build.0 = Debug|Any CPU
		{A29D01BD-7BFF-4E96-BA84-40E16F471BED}.Release|Any CPU.ActiveCfg = Release|Any CPU
		{A29D01BD-7BFF-4E96-BA84-40E16F471BED}.Release|Any CPU.Build.0 = Release|Any CPU
	EndGlobalSection
	GlobalSection(SolutionProperties) = preSolution
		HideSolutionNode = FALSE
	EndGlobalSection
EndGlobal
